
Microsoft Visual Studio Solution File, Format Version 11.00
# Visual Studio 2010
Project("{CC5FD16D-436D-48AD-A40C-5A424C6E3E79}") = "SticKartScoreService", "SticKartScoreService.ccproj", "{AFBE17A4-5F90-4D33-99E5-F40DC8172C4D}"
EndProject
Project("{FAE04EC0-301F-11D3-BF4B-00C04F79EFBC}") = "WCFServiceWebRole1", "WCFServiceWebRole1\WCFServiceWebRole1.csproj", "{D41B802E-8B50-44CA-AD60-BB139F9BDB9B}"
EndProject
Global
	GlobalSection(SolutionConfigurationPlatforms) = preSolution
		Debug|Any CPU = Debug|Any CPU
		Release|Any CPU = Release|Any CPU
	EndGlobalSection
	GlobalSection(ProjectConfigurationPlatforms) = postSolution
		{AFBE17A4-5F90-4D33-99E5-F40DC8172C4D}.Debug|Any CPU.ActiveCfg = Debug|Any CPU
		{AFBE17A4-5F90-4D33-99E5-F40DC8172C4D}.Debug|Any CPU.Build.0 = Debug|Any CPU
		{AFBE17A4-5F90-4D33-99E5-F40DC8172C4D}.Release|Any CPU.ActiveCfg = Release|Any CPU
		{AFBE17A4-5F90-4D33-99E5-F40DC8172C4D}.Release|Any CPU.Build.0 = Release|Any CPU
		{D41B802E-8B50-44CA-AD60-BB139F9BDB9B}.Debug|Any CPU.ActiveCfg = Debug|Any CPU
		{D41B802E-8B50-44CA-AD60-BB139F9BDB9B}.Debug|Any CPU.Build.0 = Debug|Any CPU
		{D41B802E-8B50-44CA-AD60-BB139F9BDB9B}.Release|Any CPU.ActiveCfg = Release|Any CPU
		{D41B802E-8B50-44CA-AD60-BB139F9BDB9B}.Release|Any CPU.Build.0 = Release|Any CPU
	EndGlobalSection
	GlobalSection(SolutionProperties) = preSolution
		HideSolutionNode = FALSE
	EndGlobalSection
EndGlobal
